
Microsoft Visual Studio Solution File, Format Version 12.00
# Visual Studio Version 16
VisualStudioVersion = 16.0.29318.209
MinimumVisualStudioVersion = 10.0.40219.1
Project("{FAE04EC0-301F-11D3-BF4B-00C04F79EFBC}") = "ASP.NetCore3-Web-APIs", "ASP.NetCore3-Web-APIs\ASP.NetCore3-Web-APIs.csproj", "{C9D31E7D-7FE6-4BB3-9045-EA1BDAE452DE}"
EndProject
Global
	GlobalSection(SolutionConfigurationPlatforms) = preSolution
		Debug|Any CPU = Debug|Any CPU
		Release|Any CPU = Release|Any CPU
	EndGlobalSection
	GlobalSection(ProjectConfigurationPlatforms) = postSolution
		{C9D31E7D-7FE6-4BB3-9045-EA1BDAE452DE}.Debug|Any CPU.ActiveCfg = Debug|Any CPU
		{C9D31E7D-7FE6-4BB3-9045-EA1BDAE452DE}.Debug|Any CPU.Build.0 = Debug|Any CPU
		{C9D31E7D-7FE6-4BB3-9045-EA1BDAE452DE}.Release|Any CPU.ActiveCfg = Release|Any CPU
		{C9D31E7D-7FE6-4BB3-9045-EA1BDAE452DE}.Release|Any CPU.Build.0 = Release|Any CPU
	EndGlobalSection
	GlobalSection(SolutionProperties) = preSolution
		HideSolutionNode = FALSE
	EndGlobalSection
	GlobalSection(ExtensibilityGlobals) = postSolution
		SolutionGuid = {4E889020-5826-4889-BB1F-4FBDC0F5E96C}
	EndGlobalSection
EndGlobal
